
Microsoft Visual Studio Solution File, Format Version 12.00
# Visual Studio Version 17
VisualStudioVersion = 17.10.35004.147
MinimumVisualStudioVersion = 10.0.40219.1
Project("{FAE04EC0-301F-11D3-BF4B-00C04F79EFBC}") = "AspProjekat.API", "AspProjekat.API.csproj", "{7DFCE8FB-1F80-4A5B-B497-C858065EE847}"
EndProject
Project("{FAE04EC0-301F-11D3-BF4B-00C04F79EFBC}") = "AspProjekat.Application", "..\AspProjekat.Application\AspProjekat.Application.csproj", "{2D2BFCBB-5DED-413C-9DE7-D711A06D8A3A}"
EndProject
Project("{FAE04EC0-301F-11D3-BF4B-00C04F79EFBC}") = "AspProjekat.DataAccess", "..\AspProjekat.DataAccess\AspProjekat.DataAccess.csproj", "{DBCB9DC0-E0DA-4834-B3EE-9688D10E1F7A}"
EndProject
Project("{FAE04EC0-301F-11D3-BF4B-00C04F79EFBC}") = "AspProjekat.Implementation", "..\AspProjekat.Implementation\AspProjekat.Implementation.csproj", "{6C472CBC-4A99-4EBC-B1C6-D6CDD8D136C0}"
EndProject
Project("{FAE04EC0-301F-11D3-BF4B-00C04F79EFBC}") = "AspProjekat.Domain", "..\AspProjekat.Domain\AspProjekat.Domain.csproj", "{FD54AAD5-AF82-4B8E-88E3-9C7D147E3BBF}"
EndProject
Global
	GlobalSection(SolutionConfigurationPlatforms) = preSolution
		Debug|Any CPU = Debug|Any CPU
		Release|Any CPU = Release|Any CPU
	EndGlobalSection
	GlobalSection(ProjectConfigurationPlatforms) = postSolution
		{7DFCE8FB-1F80-4A5B-B497-C858065EE847}.Debug|Any CPU.ActiveCfg = Debug|Any CPU
		{7DFCE8FB-1F80-4A5B-B497-C858065EE847}.Debug|Any CPU.Build.0 = Debug|Any CPU
		{7DFCE8FB-1F80-4A5B-B497-C858065EE847}.Release|Any CPU.ActiveCfg = Release|Any CPU
		{7DFCE8FB-1F80-4A5B-B497-C858065EE847}.Release|Any CPU.Build.0 = Release|Any CPU
		{2D2BFCBB-5DED-413C-9DE7-D711A06D8A3A}.Debug|Any CPU.ActiveCfg = Debug|Any CPU
		{2D2BFCBB-5DED-413C-9DE7-D711A06D8A3A}.Debug|Any CPU.Build.0 = Debug|Any CPU
		{2D2BFCBB-5DED-413C-9DE7-D711A06D8A3A}.Release|Any CPU.ActiveCfg = Release|Any CPU
		{2D2BFCBB-5DED-413C-9DE7-D711A06D8A3A}.Release|Any CPU.Build.0 = Release|Any CPU
		{DBCB9DC0-E0DA-4834-B3EE-9688D10E1F7A}.Debug|Any CPU.ActiveCfg = Debug|Any CPU
		{DBCB9DC0-E0DA-4834-B3EE-9688D10E1F7A}.Debug|Any CPU.Build.0 = Debug|Any CPU
		{DBCB9DC0-E0DA-4834-B3EE-9688D10E1F7A}.Release|Any CPU.ActiveCfg = Release|Any CPU
		{DBCB9DC0-E0DA-4834-B3EE-9688D10E1F7A}.Release|Any CPU.Build.0 = Release|Any CPU
		{6C472CBC-4A99-4EBC-B1C6-D6CDD8D136C0}.Debug|Any CPU.ActiveCfg = Debug|Any CPU
		{6C472CBC-4A99-4EBC-B1C6-D6CDD8D136C0}.Debug|Any CPU.Build.0 = Debug|Any CPU
		{6C472CBC-4A99-4EBC-B1C6-D6CDD8D136C0}.Release|Any CPU.ActiveCfg = Release|Any CPU
		{6C472CBC-4A99-4EBC-B1C6-D6CDD8D136C0}.Release|Any CPU.Build.0 = Release|Any CPU
		{FD54AAD5-AF82-4B8E-88E3-9C7D147E3BBF}.Debug|Any CPU.ActiveCfg = Debug|Any CPU
		{FD54AAD5-AF82-4B8E-88E3-9C7D147E3BBF}.Debug|Any CPU.Build.0 = Debug|Any CPU
		{FD54AAD5-AF82-4B8E-88E3-9C7D147E3BBF}.Release|Any CPU.ActiveCfg = Release|Any CPU
		{FD54AAD5-AF82-4B8E-88E3-9C7D147E3BBF}.Release|Any CPU.Build.0 = Release|Any CPU
	EndGlobalSection
	GlobalSection(SolutionProperties) = preSolution
		HideSolutionNode = FALSE
	EndGlobalSection
	GlobalSection(ExtensibilityGlobals) = postSolution
		SolutionGuid = {377220B2-B212-41EF-8467-232346D24B55}
	EndGlobalSection
EndGlobal
